
Microsoft Visual Studio Solution File, Format Version 12.00
# Visual Studio Version 16
VisualStudioVersion = 16.0.29503.13
MinimumVisualStudioVersion = 10.0.40219.1
Project("{9A19103F-16F7-4668-BE54-9A1E7A4F7556}") = "SuperAdventure", "SuperAdventure\SuperAdventure.csproj", "{B78E3683-F74B-4C5E-A451-1A4ADFABA989}"
EndProject
Project("{9A19103F-16F7-4668-BE54-9A1E7A4F7556}") = "Engine", "Engine\Engine.csproj", "{E196E4D1-BC4D-45D9-BC9E-FBB826753573}"
EndProject
Project("{FAE04EC0-301F-11D3-BF4B-00C04F79EFBC}") = "SuperAdventureFx", "SuperAdventureFx\SuperAdventureFx.csproj", "{11FAE34F-4C93-4ADE-8223-01E946309493}"
EndProject
Project("{F2A71F9B-5D33-465A-A702-920D77279786}") = "SuperAdventureConsole", "SuperAdventureConsole\SuperAdventureConsole.fsproj", "{3414E224-E6CC-4FBF-B913-C4FC2EAFBA46}"
EndProject
Global
	GlobalSection(SolutionConfigurationPlatforms) = preSolution
		Debug|Any CPU = Debug|Any CPU
		Release|Any CPU = Release|Any CPU
	EndGlobalSection
	GlobalSection(ProjectConfigurationPlatforms) = postSolution
		{B78E3683-F74B-4C5E-A451-1A4ADFABA989}.Debug|Any CPU.ActiveCfg = Debug|Any CPU
		{B78E3683-F74B-4C5E-A451-1A4ADFABA989}.Debug|Any CPU.Build.0 = Debug|Any CPU
		{B78E3683-F74B-4C5E-A451-1A4ADFABA989}.Release|Any CPU.ActiveCfg = Release|Any CPU
		{B78E3683-F74B-4C5E-A451-1A4ADFABA989}.Release|Any CPU.Build.0 = Release|Any CPU
		{E196E4D1-BC4D-45D9-BC9E-FBB826753573}.Debug|Any CPU.ActiveCfg = Debug|Any CPU
		{E196E4D1-BC4D-45D9-BC9E-FBB826753573}.Debug|Any CPU.Build.0 = Debug|Any CPU
		{E196E4D1-BC4D-45D9-BC9E-FBB826753573}.Release|Any CPU.ActiveCfg = Release|Any CPU
		{E196E4D1-BC4D-45D9-BC9E-FBB826753573}.Release|Any CPU.Build.0 = Release|Any CPU
		{11FAE34F-4C93-4ADE-8223-01E946309493}.Debug|Any CPU.ActiveCfg = Debug|Any CPU
		{11FAE34F-4C93-4ADE-8223-01E946309493}.Debug|Any CPU.Build.0 = Debug|Any CPU
		{11FAE34F-4C93-4ADE-8223-01E946309493}.Release|Any CPU.ActiveCfg = Release|Any CPU
		{11FAE34F-4C93-4ADE-8223-01E946309493}.Release|Any CPU.Build.0 = Release|Any CPU
		{3414E224-E6CC-4FBF-B913-C4FC2EAFBA46}.Debug|Any CPU.ActiveCfg = Debug|Any CPU
		{3414E224-E6CC-4FBF-B913-C4FC2EAFBA46}.Debug|Any CPU.Build.0 = Debug|Any CPU
		{3414E224-E6CC-4FBF-B913-C4FC2EAFBA46}.Release|Any CPU.ActiveCfg = Release|Any CPU
		{3414E224-E6CC-4FBF-B913-C4FC2EAFBA46}.Release|Any CPU.Build.0 = Release|Any CPU
	EndGlobalSection
	GlobalSection(SolutionProperties) = preSolution
		HideSolutionNode = FALSE
	EndGlobalSection
	GlobalSection(ExtensibilityGlobals) = postSolution
		SolutionGuid = {12E5D83E-C02C-4F69-B83E-8884D2C1F95A}
	EndGlobalSection
EndGlobal
